
Microsoft Visual Studio Solution File, Format Version 12.00
# Visual Studio Version 17
VisualStudioVersion = 17.5.002.0
MinimumVisualStudioVersion = 10.0.40219.1
Project("{9A19103F-16F7-4668-BE54-9A1E7A4F7556}") = "MiAppTresCapas", "MiAppTresCapas.csproj", "{AF5BC035-2568-4117-B1BC-0F6F25162944}"
EndProject
Global
	GlobalSection(SolutionConfigurationPlatforms) = preSolution
		Debug|Any CPU = Debug|Any CPU
		Release|Any CPU = Release|Any CPU
	EndGlobalSection
	GlobalSection(ProjectConfigurationPlatforms) = postSolution
		{AF5BC035-2568-4117-B1BC-0F6F25162944}.Debug|Any CPU.ActiveCfg = Debug|Any CPU
		{AF5BC035-2568-4117-B1BC-0F6F25162944}.Debug|Any CPU.Build.0 = Debug|Any CPU
		{AF5BC035-2568-4117-B1BC-0F6F25162944}.Release|Any CPU.ActiveCfg = Release|Any CPU
		{AF5BC035-2568-4117-B1BC-0F6F25162944}.Release|Any CPU.Build.0 = Release|Any CPU
	EndGlobalSection
	GlobalSection(SolutionProperties) = preSolution
		HideSolutionNode = FALSE
	EndGlobalSection
	GlobalSection(ExtensibilityGlobals) = postSolution
		SolutionGuid = {B58A9D62-FFDD-43CC-8A4F-0745EA084EBC}
	EndGlobalSection
EndGlobal
